// !$*UTF8*$!
{
	archiveVersion = 1;
	classes = {
	};
	objectVersion = 46;
	objects = {

/* Begin PBXBuildFile section */
		61219A88CABF36F3B02F29CF /* Pods_RxSwift.framework in Frameworks */ = {isa = PBXBuildFile; fileRef = A2747BFA1017D234E9995701 /* Pods_RxSwift.framework */; };
		C86C00001EA8AFBF003E62F8 /* RxSwiftUITests.swift in Sources */ = {isa = PBXBuildFile; fileRef = C86CFFFF1EA8AFBF003E62F8 /* RxSwiftUITests.swift */; };
		C86CFFE01EA8AFBF003E62F8 /* AppDelegate.swift in Sources */ = {isa = PBXBuildFile; fileRef = C86CFFDF1EA8AFBF003E62F8 /* AppDelegate.swift */; };
		C86CFFE21EA8AFBF003E62F8 /* ViewController.swift in Sources */ = {isa = PBXBuildFile; fileRef = C86CFFE11EA8AFBF003E62F8 /* ViewController.swift */; };
		C86CFFE51EA8AFBF003E62F8 /* Main.storyboard in Resources */ = {isa = PBXBuildFile; fileRef = C86CFFE31EA8AFBF003E62F8 /* Main.storyboard */; };
		C86CFFE71EA8AFBF003E62F8 /* Assets.xcassets in Resources */ = {isa = PBXBuildFile; fileRef = C86CFFE61EA8AFBF003E62F8 /* Assets.xcassets */; };
		C86CFFEA1EA8AFBF003E62F8 /* LaunchScreen.storyboard in Resources */ = {isa = PBXBuildFile; fileRef = C86CFFE81EA8AFBF003E62F8 /* LaunchScreen.storyboard */; };
		C86CFFF51EA8AFBF003E62F8 /* RxSwiftTests.swift in Sources */ = {isa = PBXBuildFile; fileRef = C86CFFF41EA8AFBF003E62F8 /* RxSwiftTests.swift */; };
/* End PBXBuildFile section */

/* Begin PBXContainerItemProxy section */
		C86CFFF11EA8AFBF003E62F8 /* PBXContainerItemProxy */ = {
			isa = PBXContainerItemProxy;
			containerPortal = C86CFFD41EA8AFBF003E62F8 /* Project object */;
			proxyType = 1;
			remoteGlobalIDString = C86CFFDB1EA8AFBF003E62F8;
			remoteInfo = RxSwift;
		};
		C86CFFFC1EA8AFBF003E62F8 /* PBXContainerItemProxy */ = {
			isa = PBXContainerItemProxy;
			containerPortal = C86CFFD41EA8AFBF003E62F8 /* Project object */;
			proxyType = 1;
			remoteGlobalIDString = C86CFFDB1EA8AFBF003E62F8;
			remoteInfo = RxSwift;
		};
/* End PBXContainerItemProxy section */

/* Begin PBXFileReference section */
		0C29F12DE672B3D678B7CD47 /* Pods_RxSwiftTests.framework */ = {isa = PBXFileReference; explicitFileType = wrapper.framework; includeInIndex = 0; path = Pods_RxSwiftTests.framework; sourceTree = BUILT_PRODUCTS_DIR; };
		58BDEB9CAB2CC0D430AF88D1 /* Pods-RxSwift.release.xcconfig */ = {isa = PBXFileReference; includeInIndex = 1; lastKnownFileType = text.xcconfig; name = "Pods-RxSwift.release.xcconfig"; path = "Pods/Target Support Files/Pods-RxSwift/Pods-RxSwift.release.xcconfig"; sourceTree = "<group>"; };
		977E862CAA45D43C2983610D /* Pods_RxSwiftUITests.framework */ = {isa = PBXFileReference; explicitFileType = wrapper.framework; includeInIndex = 0; path = Pods_RxSwiftUITests.framework; sourceTree = BUILT_PRODUCTS_DIR; };
		9DAC34638D6BB66BB1AC843D /* Pods-RxSwift.debug.xcconfig */ = {isa = PBXFileReference; includeInIndex = 1; lastKnownFileType = text.xcconfig; name = "Pods-RxSwift.debug.xcconfig"; path = "Pods/Target Support Files/Pods-RxSwift/Pods-RxSwift.debug.xcconfig"; sourceTree = "<group>"; };
		A2747BFA1017D234E9995701 /* Pods_RxSwift.framework */ = {isa = PBXFileReference; explicitFileType = wrapper.framework; includeInIndex = 0; path = Pods_RxSwift.framework; sourceTree = BUILT_PRODUCTS_DIR; };
		C86C00011EA8AFBF003E62F8 /* Info.plist */ = {isa = PBXFileReference; lastKnownFileType = text.plist.xml; path = Info.plist; sourceTree = "<group>"; };
		C86CFFDC1EA8AFBF003E62F8 /* RxSwift.app */ = {isa = PBXFileReference; explicitFileType = wrapper.application; includeInIndex = 0; path = RxSwift.app; sourceTree = BUILT_PRODUCTS_DIR; };
		C86CFFDF1EA8AFBF003E62F8 /* AppDelegate.swift */ = {isa = PBXFileReference; lastKnownFileType = sourcecode.swift; path = AppDelegate.swift; sourceTree = "<group>"; };
		C86CFFE11EA8AFBF003E62F8 /* ViewController.swift */ = {isa = PBXFileReference; lastKnownFileType = sourcecode.swift; path = ViewController.swift; sourceTree = "<group>"; };
		C86CFFE41EA8AFBF003E62F8 /* Base */ = {isa = PBXFileReference; lastKnownFileType = file.storyboard; name = Base; path = Base.lproj/Main.storyboard; sourceTree = "<group>"; };
		C86CFFE61EA8AFBF003E62F8 /* Assets.xcassets */ = {isa = PBXFileReference; lastKnownFileType = folder.assetcatalog; path = Assets.xcassets; sourceTree = "<group>"; };
		C86CFFE91EA8AFBF003E62F8 /* Base */ = {isa = PBXFileReference; lastKnownFileType = file.storyboard; name = Base; path = Base.lproj/LaunchScreen.storyboard; sourceTree = "<group>"; };
		C86CFFEB1EA8AFBF003E62F8 /* Info.plist */ = {isa = PBXFileReference; lastKnownFileType = text.plist.xml; path = Info.plist; sourceTree = "<group>"; };
		C86CFFF01EA8AFBF003E62F8 /* RxSwiftTests.xctest */ = {isa = PBXFileReference; explicitFileType = wrapper.cfbundle; includeInIndex = 0; path = RxSwiftTests.xctest; sourceTree = BUILT_PRODUCTS_DIR; };
		C86CFFF41EA8AFBF003E62F8 /* RxSwiftTests.swift */ = {isa = PBXFileReference; lastKnownFileType = sourcecode.swift; path = RxSwiftTests.swift; sourceTree = "<group>"; };
		C86CFFF61EA8AFBF003E62F8 /* Info.plist */ = {isa = PBXFileReference; lastKnownFileType = text.plist.xml; path = Info.plist; sourceTree = "<group>"; };
		C86CFFFB1EA8AFBF003E62F8 /* RxSwiftUITests.xctest */ = {isa = PBXFileReference; explicitFileType = wrapper.cfbundle; includeInIndex = 0; path = RxSwiftUITests.xctest; sourceTree = BUILT_PRODUCTS_DIR; };
		C86CFFFF1EA8AFBF003E62F8 /* RxSwiftUITests.swift */ = {isa = PBXFileReference; lastKnownFileType = sourcecode.swift; path = RxSwiftUITests.swift; sourceTree = "<group>"; };
/* End PBXFileReference section */

/* Begin PBXFrameworksBuildPhase section */
		C86CFFD91EA8AFBF003E62F8 /* Frameworks */ = {
			isa = PBXFrameworksBuildPhase;
			buildActionMask = 2147483647;
			files = (
				61219A88CABF36F3B02F29CF /* Pods_RxSwift.framework in Frameworks */,
			);
			runOnlyForDeploymentPostprocessing = 0;
		};
		C86CFFED1EA8AFBF003E62F8 /* Frameworks */ = {
			isa = PBXFrameworksBuildPhase;
			buildActionMask = 2147483647;
			files = (
			);
			runOnlyForDeploymentPostprocessing = 0;
		};
		C86CFFF81EA8AFBF003E62F8 /* Frameworks */ = {
			isa = PBXFrameworksBuildPhase;
			buildActionMask = 2147483647;
			files = (
			);
			runOnlyForDeploymentPostprocessing = 0;
		};
/* End PBXFrameworksBuildPhase section */

/* Begin PBXGroup section */
		536AC2E229B467A604998CD6 /* Frameworks */ = {
			isa = PBXGroup;
			children = (
				A2747BFA1017D234E9995701 /* Pods_RxSwift.framework */,
				0C29F12DE672B3D678B7CD47 /* Pods_RxSwiftTests.framework */,
				977E862CAA45D43C2983610D /* Pods_RxSwiftUITests.framework */,
			);
			name = Frameworks;
			sourceTree = "<group>";
		};
		A53CADD832128DEA2D4A1DD9 /* Pods */ = {
			isa = PBXGroup;
			children = (
				9DAC34638D6BB66BB1AC843D /* Pods-RxSwift.debug.xcconfig */,
				58BDEB9CAB2CC0D430AF88D1 /* Pods-RxSwift.release.xcconfig */,
			);
			name = Pods;
			sourceTree = "<group>";
		};
		C86CFFD31EA8AFBF003E62F8 = {
			isa = PBXGroup;
			children = (
				C86CFFDE1EA8AFBF003E62F8 /* RxSwift */,
				C86CFFF31EA8AFBF003E62F8 /* RxSwiftTests */,
				C86CFFFE1EA8AFBF003E62F8 /* RxSwiftUITests */,
				C86CFFDD1EA8AFBF003E62F8 /* Products */,
				A53CADD832128DEA2D4A1DD9 /* Pods */,
				536AC2E229B467A604998CD6 /* Frameworks */,
			);
			sourceTree = "<group>";
		};
		C86CFFDD1EA8AFBF003E62F8 /* Products */ = {
			isa = PBXGroup;
			children = (
				C86CFFDC1EA8AFBF003E62F8 /* RxSwift.app */,
				C86CFFF01EA8AFBF003E62F8 /* RxSwiftTests.xctest */,
				C86CFFFB1EA8AFBF003E62F8 /* RxSwiftUITests.xctest */,
			);
			name = Products;
			sourceTree = "<group>";
		};
		C86CFFDE1EA8AFBF003E62F8 /* RxSwift */ = {
			isa = PBXGroup;
			children = (
				C86CFFDF1EA8AFBF003E62F8 /* AppDelegate.swift */,
				C86CFFE11EA8AFBF003E62F8 /* ViewController.swift */,
				C86CFFE31EA8AFBF003E62F8 /* Main.storyboard */,
				C86CFFE61EA8AFBF003E62F8 /* Assets.xcassets */,
				C86CFFE81EA8AFBF003E62F8 /* LaunchScreen.storyboard */,
				C86CFFEB1EA8AFBF003E62F8 /* Info.plist */,
			);
			path = RxSwift;
			sourceTree = "<group>";
		};
		C86CFFF31EA8AFBF003E62F8 /* RxSwiftTests */ = {
			isa = PBXGroup;
			children = (
				C86CFFF41EA8AFBF003E62F8 /* RxSwiftTests.swift */,
				C86CFFF61EA8AFBF003E62F8 /* Info.plist */,
			);
			path = RxSwiftTests;
			sourceTree = "<group>";
		};
		C86CFFFE1EA8AFBF003E62F8 /* RxSwiftUITests */ = {
			isa = PBXGroup;
			children = (
				C86CFFFF1EA8AFBF003E62F8 /* RxSwiftUITests.swift */,
				C86C00011EA8AFBF003E62F8 /* Info.plist */,
			);
			path = RxSwiftUITests;
			sourceTree = "<group>";
		};
/* End PBXGroup section */

/* Begin PBXNativeTarget section */
		C86CFFDB1EA8AFBF003E62F8 /* RxSwift */ = {
			isa = PBXNativeTarget;
			buildConfigurationList = C86C00041EA8AFBF003E62F8 /* Build configuration list for PBXNativeTarget "RxSwift" */;
			buildPhases = (
				123E285182ED2348209E3E96 /* [CP] Check Pods Manifest.lock */,
				C86CFFD81EA8AFBF003E62F8 /* Sources */,
				C86CFFD91EA8AFBF003E62F8 /* Frameworks */,
				C86CFFDA1EA8AFBF003E62F8 /* Resources */,
				DC1C0FB61690F89A7853B34D /* [CP] Embed Pods Frameworks */,
				627A9A7A7DADF669B8299093 /* [CP] Copy Pods Resources */,
			);
			buildRules = (
			);
			dependencies = (
			);
			name = RxSwift;
			productName = RxSwift;
			productReference = C86CFFDC1EA8AFBF003E62F8 /* RxSwift.app */;
			productType = "com.apple.product-type.application";
		};
		C86CFFEF1EA8AFBF003E62F8 /* RxSwiftTests */ = {
			isa = PBXNativeTarget;
			buildConfigurationList = C86C00071EA8AFBF003E62F8 /* Build configuration list for PBXNativeTarget "RxSwiftTests" */;
			buildPhases = (
				C86CFFEC1EA8AFBF003E62F8 /* Sources */,
				C86CFFED1EA8AFBF003E62F8 /* Frameworks */,
				C86CFFEE1EA8AFBF003E62F8 /* Resources */,
			);
			buildRules = (
			);
			dependencies = (
				C86CFFF21EA8AFBF003E62F8 /* PBXTargetDependency */,
			);
			name = RxSwiftTests;
			productName = RxSwiftTests;
			productReference = C86CFFF01EA8AFBF003E62F8 /* RxSwiftTests.xctest */;
			productType = "com.apple.product-type.bundle.unit-test";
		};
		C86CFFFA1EA8AFBF003E62F8 /* RxSwiftUITests */ = {
			isa = PBXNativeTarget;
			buildConfigurationList = C86C000A1EA8AFBF003E62F8 /* Build configuration list for PBXNativeTarget "RxSwiftUITests" */;
			buildPhases = (
				C86CFFF71EA8AFBF003E62F8 /* Sources */,
				C86CFFF81EA8AFBF003E62F8 /* Frameworks */,
				C86CFFF91EA8AFBF003E62F8 /* Resources */,
			);
			buildRules = (
			);
			dependencies = (
				C86CFFFD1EA8AFBF003E62F8 /* PBXTargetDependency */,
			);
			name = RxSwiftUITests;
			productName = RxSwiftUITests;
			productReference = C86CFFFB1EA8AFBF003E62F8 /* RxSwiftUITests.xctest */;
			productType = "com.apple.product-type.bundle.ui-testing";
		};
/* End PBXNativeTarget section */

/* Begin PBXProject section */
		C86CFFD41EA8AFBF003E62F8 /* Project object */ = {
			isa = PBXProject;
			attributes = {
				LastSwiftUpdateCheck = 0830;
				LastUpgradeCheck = 0830;
				ORGANIZATIONNAME = "肖振阳";
				TargetAttributes = {
					C86CFFDB1EA8AFBF003E62F8 = {
						CreatedOnToolsVersion = 8.3;
						DevelopmentTeam = 56ERQH9L8L;
						ProvisioningStyle = Automatic;
					};
					C86CFFEF1EA8AFBF003E62F8 = {
						CreatedOnToolsVersion = 8.3;
						DevelopmentTeam = 56ERQH9L8L;
						ProvisioningStyle = Automatic;
						TestTargetID = C86CFFDB1EA8AFBF003E62F8;
					};
					C86CFFFA1EA8AFBF003E62F8 = {
						CreatedOnToolsVersion = 8.3;
						DevelopmentTeam = 56ERQH9L8L;
						ProvisioningStyle = Automatic;
						TestTargetID = C86CFFDB1EA8AFBF003E62F8;
					};
				};
			};
			buildConfigurationList = C86CFFD71EA8AFBF003E62F8 /* Build configuration list for PBXProject "RxSwift" */;
			compatibilityVersion = "Xcode 3.2";
			developmentRegion = English;
			hasScannedForEncodings = 0;
			knownRegions = (
				en,
				Base,
			);
			mainGroup = C86CFFD31EA8AFBF003E62F8;
			productRefGroup = C86CFFDD1EA8AFBF003E62F8 /* Products */;
			projectDirPath = "";
			projectRoot = "";
			targets = (
				C86CFFDB1EA8AFBF003E62F8 /* RxSwift */,
				C86CFFEF1EA8AFBF003E62F8 /* RxSwiftTests */,
				C86CFFFA1EA8AFBF003E62F8 /* RxSwiftUITests */,
			);
		};
/* End PBXProject section */

/* Begin PBXResourcesBuildPhase section */
		C86CFFDA1EA8AFBF003E62F8 /* Resources */ = {
			isa = PBXResourcesBuildPhase;
			buildActionMask = 2147483647;
			files = (
				C86CFFEA1EA8AFBF003E62F8 /* LaunchScreen.storyboard in Resources */,
				C86CFFE71EA8AFBF003E62F8 /* Assets.xcassets in Resources */,
				C86CFFE51EA8AFBF003E62F8 /* Main.storyboard in Resources */,
			);
			runOnlyForDeploymentPostprocessing = 0;
		};
		C86CFFEE1EA8AFBF003E62F8 /* Resources */ = {
			isa = PBXResourcesBuildPhase;
			buildActionMask = 2147483647;
			files = (
			);
			runOnlyForDeploymentPostprocessing = 0;
		};
		C86CFFF91EA8AFBF003E62F8 /* Resources */ = {
			isa = PBXResourcesBuildPhase;
			buildActionMask = 2147483647;
			files = (
			);
			runOnlyForDeploymentPostprocessing = 0;
		};
/* End PBXResourcesBuildPhase section */

/* Begin PBXShellScriptBuildPhase section */
		123E285182ED2348209E3E96 /* [CP] Check Pods Manifest.lock */ = {
			isa = PBXShellScriptBuildPhase;
			buildActionMask = 2147483647;
			files = (
			);
			inputPaths = (
			);
			name = "[CP] Check Pods Manifest.lock";
			outputPaths = (
			);
			runOnlyForDeploymentPostprocessing = 0;
			shellPath = /bin/sh;
			shellScript = "diff \"${PODS_ROOT}/../Podfile.lock\" \"${PODS_ROOT}/Manifest.lock\" > /dev/null\nif [ $? != 0 ] ; then\n    # print error to STDERR\n    echo \"error: The sandbox is not in sync with the Podfile.lock. Run 'pod install' or update your CocoaPods installation.\" >&2\n    exit 1\nfi\n";
			showEnvVarsInLog = 0;
		};
		627A9A7A7DADF669B8299093 /* [CP] Copy Pods Resources */ = {
			isa = PBXShellScriptBuildPhase;
			buildActionMask = 2147483647;
			files = (
			);
			inputPaths = (
			);
			name = "[CP] Copy Pods Resources";
			outputPaths = (
			);
			runOnlyForDeploymentPostprocessing = 0;
			shellPath = /bin/sh;
			shellScript = "\"${SRCROOT}/Pods/Target Support Files/Pods-RxSwift/Pods-RxSwift-resources.sh\"\n";
			showEnvVarsInLog = 0;
		};
		DC1C0FB61690F89A7853B34D /* [CP] Embed Pods Frameworks */ = {
			isa = PBXShellScriptBuildPhase;
			buildActionMask = 2147483647;
			files = (
			);
			inputPaths = (
			);
			name = "[CP] Embed Pods Frameworks";
			outputPaths = (
			);
			runOnlyForDeploymentPostprocessing = 0;
			shellPath = /bin/sh;
			shellScript = "\"${SRCROOT}/Pods/Target Support Files/Pods-RxSwift/Pods-RxSwift-frameworks.sh\"\n";
			showEnvVarsInLog = 0;
		};
/* End PBXShellScriptBuildPhase section */

/* Begin PBXSourcesBuildPhase section */
		C86CFFD81EA8AFBF003E62F8 /* Sources */ = {
			isa = PBXSourcesBuildPhase;
			buildActionMask = 2147483647;
			files = (
				C86CFFE21EA8AFBF003E62F8 /* ViewController.swift in Sources */,
				C86CFFE01EA8AFBF003E62F8 /* AppDelegate.swift in Sources */,
			);
			runOnlyForDeploymentPostprocessing = 0;
		};
		C86CFFEC1EA8AFBF003E62F8 /* Sources */ = {
			isa = PBXSourcesBuildPhase;
			buildActionMask = 2147483647;
			files = (
				C86CFFF51EA8AFBF003E62F8 /* RxSwiftTests.swift in Sources */,
			);
			runOnlyForDeploymentPostprocessing = 0;
		};
		C86CFFF71EA8AFBF003E62F8 /* Sources */ = {
			isa = PBXSourcesBuildPhase;
			buildActionMask = 2147483647;
			files = (
				C86C00001EA8AFBF003E62F8 /* RxSwiftUITests.swift in Sources */,
			);
			runOnlyForDeploymentPostprocessing = 0;
		};
/* End PBXSourcesBuildPhase section */

/* Begin PBXTargetDependency section */
		C86CFFF21EA8AFBF003E62F8 /* PBXTargetDependency */ = {
			isa = PBXTargetDependency;
			target = C86CFFDB1EA8AFBF003E62F8 /* RxSwift */;
			targetProxy = C86CFFF11EA8AFBF003E62F8 /* PBXContainerItemProxy */;
		};
		C86CFFFD1EA8AFBF003E62F8 /* PBXTargetDependency */ = {
			isa = PBXTargetDependency;
			target = C86CFFDB1EA8AFBF003E62F8 /* RxSwift */;
			targetProxy = C86CFFFC1EA8AFBF003E62F8 /* PBXContainerItemProxy */;
		};
/* End PBXTargetDependency section */

/* Begin PBXVariantGroup section */
		C86CFFE31EA8AFBF003E62F8 /* Main.storyboard */ = {
			isa = PBXVariantGroup;
			children = (
				C86CFFE41EA8AFBF003E62F8 /* Base */,
			);
			name = Main.storyboard;
			sourceTree = "<group>";
		};
		C86CFFE81EA8AFBF003E62F8 /* LaunchScreen.storyboard */ = {
			isa = PBXVariantGroup;
			children = (
				C86CFFE91EA8AFBF003E62F8 /* Base */,
			);
			name = LaunchScreen.storyboard;
			sourceTree = "<group>";
		};
/* End PBXVariantGroup section */

/* Begin XCBuildConfiguration section */
		C86C00021EA8AFBF003E62F8 /* Debug */ = {
			isa = XCBuildConfiguration;
			buildSettings = {
				ALWAYS_SEARCH_USER_PATHS = NO;
				CLANG_ANALYZER_NONNULL = YES;
				CLANG_ANALYZER_NUMBER_OBJECT_CONVERSION = YES_AGGRESSIVE;
				CLANG_CXX_LANGUAGE_STANDARD = "gnu++0x";
				CLANG_CXX_LIBRARY = "libc++";
				CLANG_ENABLE_MODULES = YES;
				CLANG_ENABLE_OBJC_ARC = YES;
				CLANG_WARN_BOOL_CONVERSION = YES;
				CLANG_WARN_CONSTANT_CONVERSION = YES;
				CLANG_WARN_DIRECT_OBJC_ISA_USAGE = YES_ERROR;
				CLANG_WARN_DOCUMENTATION_COMMENTS = YES;
				CLANG_WARN_EMPTY_BODY = YES;
				CLANG_WARN_ENUM_CONVERSION = YES;
				CLANG_WARN_INFINITE_RECURSION = YES;
				CLANG_WARN_INT_CONVERSION = YES;
				CLANG_WARN_OBJC_ROOT_CLASS = YES_ERROR;
				CLANG_WARN_SUSPICIOUS_MOVE = YES;
				CLANG_WARN_UNREACHABLE_CODE = YES;
				CLANG_WARN__DUPLICATE_METHOD_MATCH = YES;
				"CODE_SIGN_IDENTITY[sdk=iphoneos*]" = "iPhone Developer";
				COPY_PHASE_STRIP = NO;
				DEBUG_INFORMATION_FORMAT = dwarf;
				ENABLE_STRICT_OBJC_MSGSEND = YES;
				ENABLE_TESTABILITY = YES;
				GCC_C_LANGUAGE_STANDARD = gnu99;
				GCC_DYNAMIC_NO_PIC = NO;
				GCC_NO_COMMON_BLOCKS = YES;
				GCC_OPTIMIZATION_LEVEL = 0;
				GCC_PREPROCESSOR_DEFINITIONS = (
					"DEBUG=1",
					"$(inherited)",
				);
				GCC_WARN_64_TO_32_BIT_CONVERSION = YES;
				GCC_WARN_ABOUT_RETURN_TYPE = YES_ERROR;
				GCC_WARN_UNDECLARED_SELECTOR = YES;
				GCC_WARN_UNINITIALIZED_AUTOS = YES_AGGRESSIVE;
				GCC_WARN_UNUSED_FUNCTION = YES;
				GCC_WARN_UNUSED_VARIABLE = YES;
				IPHONEOS_DEPLOYMENT_TARGET = 10.3;
				MTL_ENABLE_DEBUG_INFO = YES;
				ONLY_ACTIVE_ARCH = YES;
				SDKROOT = iphoneos;
				SWIFT_ACTIVE_COMPILATION_CONDITIONS = DEBUG;
				SWIFT_OPTIMIZATION_LEVEL = "-Onone";
				TARGETED_DEVICE_FAMILY = "1,2";
			};
			name = Debug;
		};
		C86C00031EA8AFBF003E62F8 /* Release */ = {
			isa = XCBuildConfiguration;
			buildSettings = {
				ALWAYS_SEARCH_USER_PATHS = NO;
				CLANG_ANALYZER_NONNULL = YES;
				CLANG_ANALYZER_NUMBER_OBJECT_CONVERSION = YES_AGGRESSIVE;
				CLANG_CXX_LANGUAGE_STANDARD = "gnu++0x";
				CLANG_CXX_LIBRARY = "libc++";
				CLANG_ENABLE_MODULES = YES;
				CLANG_ENABLE_OBJC_ARC = YES;
				CLANG_WARN_BOOL_CONVERSION = YES;
				CLANG_WARN_CONSTANT_CONVERSION = YES;
				CLANG_WARN_DIRECT_OBJC_ISA_USAGE = YES_ERROR;
				CLANG_WARN_DOCUMENTATION_COMMENTS = YES;
				CLANG_WARN_EMPTY_BODY = YES;
				CLANG_WARN_ENUM_CONVERSION = YES;
				CLANG_WARN_INFINITE_RECURSION = YES;
				CLANG_WARN_INT_CONVERSION = YES;
				CLANG_WARN_OBJC_ROOT_CLASS = YES_ERROR;
				CLANG_WARN_SUSPICIOUS_MOVE = YES;
				CLANG_WARN_UNREACHABLE_CODE = YES;
				CLANG_WARN__DUPLICATE_METHOD_MATCH = YES;
				"CODE_SIGN_IDENTITY[sdk=iphoneos*]" = "iPhone Developer";
				COPY_PHASE_STRIP = NO;
				DEBUG_INFORMATION_FORMAT = "dwarf-with-dsym";
				ENABLE_NS_ASSERTIONS = NO;
				ENABLE_STRICT_OBJC_MSGSEND = YES;
				GCC_C_LANGUAGE_STANDARD = gnu99;
				GCC_NO_COMMON_BLOCKS = YES;
				GCC_WARN_64_TO_32_BIT_CONVERSION = YES;
				GCC_WARN_ABOUT_RETURN_TYPE = YES_ERROR;
				GCC_WARN_UNDECLARED_SELECTOR = YES;
				GCC_WARN_UNINITIALIZED_AUTOS = YES_AGGRESSIVE;
				GCC_WARN_UNUSED_FUNCTION = YES;
				GCC_WARN_UNUSED_VARIABLE = YES;
				IPHONEOS_DEPLOYMENT_TARGET = 10.3;
				MTL_ENABLE_DEBUG_INFO = NO;
				SDKROOT = iphoneos;
				SWIFT_OPTIMIZATION_LEVEL = "-Owholemodule";
				TARGETED_DEVICE_FAMILY = "1,2";
				VALIDATE_PRODUCT = YES;
			};
			name = Release;
		};
		C86C00051EA8AFBF003E62F8 /* Debug */ = {
			isa = XCBuildConfiguration;
			baseConfigurationReference = 9DAC34638D6BB66BB1AC843D /* Pods-RxSwift.debug.xcconfig */;
			buildSettings = {
				ASSETCATALOG_COMPILER_APPICON_NAME = AppIcon;
				DEVELOPMENT_TEAM = 56ERQH9L8L;
				INFOPLIST_FILE = RxSwift/Info.plist;
				LD_RUNPATH_SEARCH_PATHS = "$(inherited) @executable_path/Frameworks";
				PRODUCT_BUNDLE_IDENTIFIER = com.xiaozhenyang.www.RxSwift;
				PRODUCT_NAME = "$(TARGET_NAME)";
				SWIFT_VERSION = 3.0;
			};
			name = Debug;
		};
		C86C00061EA8AFBF003E62F8 /* Release */ = {
			isa = XCBuildConfiguration;
			baseConfigurationReference = 58BDEB9CAB2CC0D430AF88D1 /* Pods-RxSwift.release.xcconfig */;
			buildSettings = {
				ASSETCATALOG_COMPILER_APPICON_NAME = AppIcon;
				DEVELOPMENT_TEAM = 56ERQH9L8L;
				INFOPLIST_FILE = RxSwift/Info.plist;
				LD_RUNPATH_SEARCH_PATHS = "$(inherited) @executable_path/Frameworks";
				PRODUCT_BUNDLE_IDENTIFIER = com.xiaozhenyang.www.RxSwift;
				PRODUCT_NAME = "$(TARGET_NAME)";
				SWIFT_VERSION = 3.0;
			};
			name = Release;
		};
		C86C00081EA8AFBF003E62F8 /* Debug */ = {
			isa = XCBuildConfiguration;
			buildSettings = {
				ALWAYS_EMBED_SWIFT_STANDARD_LIBRARIES = YES;
				BUNDLE_LOADER = "$(TEST_HOST)";
				DEVELOPMENT_TEAM = 56ERQH9L8L;
				INFOPLIST_FILE = RxSwiftTests/Info.plist;
				LD_RUNPATH_SEARCH_PATHS = "$(inherited) @executable_path/Frameworks @loader_path/Frameworks";
				PRODUCT_BUNDLE_IDENTIFIER = com.xiaozhenyang.www.RxSwiftTests;
				PRODUCT_NAME = "$(TARGET_NAME)";
				SWIFT_VERSION = 3.0;
				TEST_HOST = "$(BUILT_PRODUCTS_DIR)/RxSwift.app/RxSwift";
			};
			name = Debug;
		};
		C86C00091EA8AFBF003E62F8 /* Release */ = {
			isa = XCBuildConfiguration;
			buildSettings = {
				ALWAYS_EMBED_SWIFT_STANDARD_LIBRARIES = YES;
				BUNDLE_LOADER = "$(TEST_HOST)";
				DEVELOPMENT_TEAM = 56ERQH9L8L;
				INFOPLIST_FILE = RxSwiftTests/Info.plist;
				LD_RUNPATH_SEARCH_PATHS = "$(inherited) @executable_path/Frameworks @loader_path/Frameworks";
				PRODUCT_BUNDLE_IDENTIFIER = com.xiaozhenyang.www.RxSwiftTests;
				PRODUCT_NAME = "$(TARGET_NAME)";
				SWIFT_VERSION = 3.0;
				TEST_HOST = "$(BUILT_PRODUCTS_DIR)/RxSwift.app/RxSwift";
			};
			name = Release;
		};
		C86C000B1EA8AFBF003E62F8 /* Debug */ = {
			isa = XCBuildConfiguration;
			buildSettings = {
				ALWAYS_EMBED_SWIFT_STANDARD_LIBRARIES = YES;
				DEVELOPMENT_TEAM = 56ERQH9L8L;
				INFOPLIST_FILE = RxSwiftUITests/Info.plist;
				LD_RUNPATH_SEARCH_PATHS = "$(inherited) @executable_path/Frameworks @loader_path/Frameworks";
				PRODUCT_BUNDLE_IDENTIFIER = com.xiaozhenyang.www.RxSwiftUITests;
				PRODUCT_NAME = "$(TARGET_NAME)";
				SWIFT_VERSION = 3.0;
				TEST_TARGET_NAME = RxSwift;
			};
			name = Debug;
		};
		C86C000C1EA8AFBF003E62F8 /* Release */ = {
			isa = XCBuildConfiguration;
			buildSettings = {
				ALWAYS_EMBED_SWIFT_STANDARD_LIBRARIES = YES;
				DEVELOPMENT_TEAM = 56ERQH9L8L;
				INFOPLIST_FILE = RxSwiftUITests/Info.plist;
				LD_RUNPATH_SEARCH_PATHS = "$(inherited) @executable_path/Frameworks @loader_path/Frameworks";
				PRODUCT_BUNDLE_IDENTIFIER = com.xiaozhenyang.www.RxSwiftUITests;
				PRODUCT_NAME = "$(TARGET_NAME)";
				SWIFT_VERSION = 3.0;
				TEST_TARGET_NAME = RxSwift;
			};
			name = Release;
		};
/* End XCBuildConfiguration section */

/* Begin XCConfigurationList section */
		C86C00041EA8AFBF003E62F8 /* Build configuration list for PBXNativeTarget "RxSwift" */ = {
			isa = XCConfigurationList;
			buildConfigurations = (
				C86C00051EA8AFBF003E62F8 /* Debug */,
				C86C00061EA8AFBF003E62F8 /* Release */,
			);
			defaultConfigurationIsVisible = 0;
		};
		C86C00071EA8AFBF003E62F8 /* Build configuration list for PBXNativeTarget "RxSwiftTests" */ = {
			isa = XCConfigurationList;
			buildConfigurations = (
				C86C00081EA8AFBF003E62F8 /* Debug */,
				C86C00091EA8AFBF003E62F8 /* Release */,
			);
			defaultConfigurationIsVisible = 0;
		};
		C86C000A1EA8AFBF003E62F8 /* Build configuration list for PBXNativeTarget "RxSwiftUITests" */ = {
			isa = XCConfigurationList;
			buildConfigurations = (
				C86C000B1EA8AFBF003E62F8 /* Debug */,
				C86C000C1EA8AFBF003E62F8 /* Release */,
			);
			defaultConfigurationIsVisible = 0;
		};
		C86CFFD71EA8AFBF003E62F8 /* Build configuration list for PBXProject "RxSwift" */ = {
			isa = XCConfigurationList;
			buildConfigurations = (
				C86C00021EA8AFBF003E62F8 /* Debug */,
				C86C00031EA8AFBF003E62F8 /* Release */,
			);
			defaultConfigurationIsVisible = 0;
			defaultConfigurationName = Release;
		};
/* End XCConfigurationList section */
	};
	rootObject = C86CFFD41EA8AFBF003E62F8 /* Project object */;
}
